
Microsoft Visual Studio Solution File, Format Version 12.00
# Visual Studio Version 17
VisualStudioVersion = 17.0.32112.339
MinimumVisualStudioVersion = 10.0.40219.1
Project("{9A19103F-16F7-4668-BE54-9A1E7A4F7556}") = "Basic platformer", "Basic platformer.csproj", "{15250715-1042-486C-81CA-FA639FC45AFB}"
EndProject
Global
	GlobalSection(SolutionConfigurationPlatforms) = preSolution
		Debug|Any CPU = Debug|Any CPU
		Release|Any CPU = Release|Any CPU
	EndGlobalSection
	GlobalSection(ProjectConfigurationPlatforms) = postSolution
		{15250715-1042-486C-81CA-FA639FC45AFB}.Debug|Any CPU.ActiveCfg = Debug|Any CPU
		{15250715-1042-486C-81CA-FA639FC45AFB}.Debug|Any CPU.Build.0 = Debug|Any CPU
		{15250715-1042-486C-81CA-FA639FC45AFB}.Release|Any CPU.ActiveCfg = Release|Any CPU
		{15250715-1042-486C-81CA-FA639FC45AFB}.Release|Any CPU.Build.0 = Release|Any CPU
	EndGlobalSection
	GlobalSection(SolutionProperties) = preSolution
		HideSolutionNode = FALSE
	EndGlobalSection
	GlobalSection(ExtensibilityGlobals) = postSolution
		SolutionGuid = {EACA613D-48BF-4AC4-B9E8-3F821D991C7D}
	EndGlobalSection
EndGlobal
